
Microsoft Visual Studio Solution File, Format Version 12.00
# Visual Studio 14
VisualStudioVersion = 14.0.25420.1
MinimumVisualStudioVersion = 10.0.40219.1
Project("{2150E333-8FDC-42A3-9474-1A3956D46DE8}") = "src", "src", "{B896C297-3627-41C4-9842-071A598CBF24}"
EndProject
Project("{2150E333-8FDC-42A3-9474-1A3956D46DE8}") = "Solution Items", "Solution Items", "{2BC8F3C9-820E-449C-AD56-44BE19F00B6E}"
	ProjectSection(SolutionItems) = preProject
		global.json = global.json
	EndProjectSection
EndProject
Project("{8BB2217D-0F2D-49D1-97BC-3654ED321F3B}") = "GEYS4010C", "src\GEYS4010C\GEYS4010C.xproj", "{37EC2677-5477-4EBB-97B7-E82F1EB8CBAD}"
EndProject
Global
	GlobalSection(SolutionConfigurationPlatforms) = preSolution
		Debug|Any CPU = Debug|Any CPU
		Release|Any CPU = Release|Any CPU
	EndGlobalSection
	GlobalSection(ProjectConfigurationPlatforms) = postSolution
		{37EC2677-5477-4EBB-97B7-E82F1EB8CBAD}.Debug|Any CPU.ActiveCfg = Debug|Any CPU
		{37EC2677-5477-4EBB-97B7-E82F1EB8CBAD}.Debug|Any CPU.Build.0 = Debug|Any CPU
		{37EC2677-5477-4EBB-97B7-E82F1EB8CBAD}.Release|Any CPU.ActiveCfg = Release|Any CPU
		{37EC2677-5477-4EBB-97B7-E82F1EB8CBAD}.Release|Any CPU.Build.0 = Release|Any CPU
	EndGlobalSection
	GlobalSection(SolutionProperties) = preSolution
		HideSolutionNode = FALSE
	EndGlobalSection
	GlobalSection(NestedProjects) = preSolution
		{37EC2677-5477-4EBB-97B7-E82F1EB8CBAD} = {B896C297-3627-41C4-9842-071A598CBF24}
	EndGlobalSection
EndGlobal
